github.com/erobx/golingo v0.0.0-20241112030241-5142aeb8f70c h1:du1nBn/RB9ZR6saUZYqOq2QTJvVbBI7Bq3JjW0Xqx0c=
github.com/erobx/golingo v0.0.0-20241112030241-5142aeb8f70c/go.mod h1:6z2q/bUN/XJUOIZVAsBa8igsfQoWUJozuXMNc5/Vcro=
github.com/joho/godotenv v1.5.1 h1:7eLL/+HRGLY0ldzfGMeQkb7vMd0as4CfYvUVzLqw0N0=
github.com/joho/godotenv v1.5.1/go.mod h1:f4LDr5Voq0i2e/R5DDNOoa2zzDfwtkZa6DnEwAbqwq4=
