github.com/erobx/golingo v0.0.0-20241112055437-00301ea71d1c h1:Soj9EMkEBvpd8TxvHTGOGW6F5FY1b4B0GPhTao0r1n0=
github.com/erobx/golingo v0.0.0-20241112055437-00301ea71d1c/go.mod h1:6z2q/bUN/XJUOIZVAsBa8igsfQoWUJozuXMNc5/Vcro=
github.com/joho/godotenv v1.5.1 h1:7eLL/+HRGLY0ldzfGMeQkb7vMd0as4CfYvUVzLqw0N0=
github.com/joho/godotenv v1.5.1/go.mod h1:f4LDr5Voq0i2e/R5DDNOoa2zzDfwtkZa6DnEwAbqwq4=
